// !$*UTF8*$!
{
	archiveVersion = 1;
	classes = {
	};
	objectVersion = 77;
	objects = {

/* Begin PBXBuildFile section */
		058557BB273AAA24004C7B11 /* Assets.xcassets in Resources */ = {isa = PBXBuildFile; fileRef = 058557BA273AAA24004C7B11 /* Assets.xcassets */; };
		102300392E44D48F00E6936E /* BranchSDK in Frameworks */ = {isa = PBXBuildFile; productRef = 102300382E44D48F00E6936E /* BranchSDK */; };
		1023003B2E44D4E200E6936E /* BranchSDK in Frameworks */ = {isa = PBXBuildFile; productRef = 1023003A2E44D4E200E6936E /* BranchSDK */; };
		2152FB042600AC8F00CF470E /* IosApp.swift in Sources */ = {isa = PBXBuildFile; fileRef = 2152FB032600AC8F00CF470E /* IosApp.swift */; };
		2152FB062600AC8F00CF470E /* NotificationHandler.swift in Sources */ = {isa = PBXBuildFile; fileRef = 2152FB052600AC8F00CF470E /* NotificationHandler.swift */; };
		63997C25DF21E5569B7BCFF5 /* Pods_Yral_Staging.framework in Frameworks */ = {isa = PBXBuildFile; fileRef = D57B68D9945A635CA2480172 /* Pods_Yral_Staging.framework */; };
		A88CCB832E95C483001D43D7 /* RootView.swift in Sources */ = {isa = PBXBuildFile; fileRef = A88CCB822E95C480001D43D7 /* RootView.swift */; };
		A88CCB842E95C483001D43D7 /* RootView.swift in Sources */ = {isa = PBXBuildFile; fileRef = A88CCB822E95C480001D43D7 /* RootView.swift */; };

		AC12B9D22D3809B7004E9EA9 /* GoogleService-Info.plist in Resources */ = {isa = PBXBuildFile; fileRef = AC12B9D12D3809B7004E9EA9 /* GoogleService-Info.plist */; };
		AC4714EA2D38120800A64E29 /* GoogleService-Info.plist in Resources */ = {isa = PBXBuildFile; fileRef = AC4714E92D38120800A64E29 /* GoogleService-Info.plist */; };
		AC638BF52D2309C000481E94 /* KeychainHelper.swift in Sources */ = {isa = PBXBuildFile; fileRef = AC638BF42D2309BA00481E94 /* KeychainHelper.swift */; };
		AC638BF62D2309C000481E94 /* KeychainHelper.swift in Sources */ = {isa = PBXBuildFile; fileRef = AC638BF42D2309BA00481E94 /* KeychainHelper.swift */; };
		ACD941872CFF575C0038FCB6 /* IosApp.swift in Sources */ = {isa = PBXBuildFile; fileRef = 2152FB032600AC8F00CF470E /* IosApp.swift */; };
		ACD941882CFF575C0038FCB6 /* NotificationHandler.swift in Sources */ = {isa = PBXBuildFile; fileRef = 2152FB052600AC8F00CF470E /* NotificationHandler.swift */; };
		ACD941B22CFF575C0038FCB6 /* Assets.xcassets in Resources */ = {isa = PBXBuildFile; fileRef = 058557BA273AAA24004C7B11 /* Assets.xcassets */; };
		D4BFEF80F86F147FCF76860F /* Pods_Yral.framework in Frameworks */ = {isa = PBXBuildFile; fileRef = 013624D656AA39C2083B461F /* Pods_Yral.framework */; };
		E2C461B68E4656DC5B151201 /* Pods_YralTests.framework in Frameworks */ = {isa = PBXBuildFile; fileRef = F101DC6A5D3FFB95F064D36B /* Pods_YralTests.framework */; };
/* End PBXBuildFile section */

/* Begin PBXContainerItemProxy section */
		10512A3E2DA6552C00114BAA /* PBXContainerItemProxy */ = {
			isa = PBXContainerItemProxy;
			containerPortal = 7555FF73242A565900829871 /* Project object */;
			proxyType = 1;
			remoteGlobalIDString = 7555FF7A242A565900829871;
			remoteInfo = Yral;
		};
/* End PBXContainerItemProxy section */

/* Begin PBXCopyFilesBuildPhase section */
		ACC0F3A72D2ED69300FA5BD0 /* Embed Frameworks */ = {
			isa = PBXCopyFilesBuildPhase;
			buildActionMask = 2147483647;
			dstPath = "";
			dstSubfolderSpec = 10;
			files = (
			);
			name = "Embed Frameworks";
			runOnlyForDeploymentPostprocessing = 0;
		};
		ACC0F3AA2D2ED77200FA5BD0 /* Embed Frameworks */ = {
			isa = PBXCopyFilesBuildPhase;
			buildActionMask = 2147483647;
			dstPath = "";
			dstSubfolderSpec = 10;
			files = (
			);
			name = "Embed Frameworks";
			runOnlyForDeploymentPostprocessing = 0;
		};
/* End PBXCopyFilesBuildPhase section */

/* Begin PBXFileReference section */
		013624D656AA39C2083B461F /* Pods_Yral.framework */ = {isa = PBXFileReference; explicitFileType = wrapper.framework; includeInIndex = 0; path = Pods_Yral.framework; sourceTree = BUILT_PRODUCTS_DIR; };
		058557BA273AAA24004C7B11 /* Assets.xcassets */ = {isa = PBXFileReference; lastKnownFileType = folder.assetcatalog; path = Assets.xcassets; sourceTree = "<group>"; };
		058557D8273AAEEB004C7B11 /* Preview Assets.xcassets */ = {isa = PBXFileReference; lastKnownFileType = folder.assetcatalog; path = "Preview Assets.xcassets"; sourceTree = "<group>"; };
		08F40604DAAC742B08F402D9 /* Pods-Yral.release.xcconfig */ = {isa = PBXFileReference; includeInIndex = 1; lastKnownFileType = text.xcconfig; name = "Pods-Yral.release.xcconfig"; path = "Target Support Files/Pods-Yral/Pods-Yral.release.xcconfig"; sourceTree = "<group>"; };
		100541B52EAB5514004F8588 /* nouns.json */ = {isa = PBXFileReference; lastKnownFileType = text.json; path = nouns.json; sourceTree = "<group>"; };
		100541B82EAB551F004F8588 /* adjectives.json */ = {isa = PBXFileReference; lastKnownFileType = text.json; path = adjectives.json; sourceTree = "<group>"; };
		102300362E44D00200E6936E /* Yral-Staging.entitlements */ = {isa = PBXFileReference; lastKnownFileType = text.plist.entitlements; path = "Yral-Staging.entitlements"; sourceTree = "<group>"; };
		10BA2E822DA64E6A00B6BE97 /* XCTest.framework */ = {isa = PBXFileReference; lastKnownFileType = wrapper.framework; name = XCTest.framework; path = Platforms/iPhoneOS.platform/Developer/Library/Frameworks/XCTest.framework; sourceTree = DEVELOPER_DIR; };
		2152FB032600AC8F00CF470E /* IosApp.swift */ = {isa = PBXFileReference; lastKnownFileType = sourcecode.swift; path = IosApp.swift; sourceTree = "<group>"; };
		2152FB052600AC8F00CF470E /* NotificationHandler.swift */ = {isa = PBXFileReference; lastKnownFileType = sourcecode.swift; path = NotificationHandler.swift; sourceTree = "<group>"; };
		74294ECFE2C99B0DF03151D3 /* Pods-YralTests.debug.xcconfig */ = {isa = PBXFileReference; includeInIndex = 1; lastKnownFileType = text.xcconfig; name = "Pods-YralTests.debug.xcconfig"; path = "Target Support Files/Pods-YralTests/Pods-YralTests.debug.xcconfig"; sourceTree = "<group>"; };
		7555FF7B242A565900829871 /* Yral.app */ = {isa = PBXFileReference; explicitFileType = wrapper.application; includeInIndex = 0; path = Yral.app; sourceTree = BUILT_PRODUCTS_DIR; };
		9DFDD3B88450E7A2700854D2 /* Pods-YralTests.release.xcconfig */ = {isa = PBXFileReference; includeInIndex = 1; lastKnownFileType = text.xcconfig; name = "Pods-YralTests.release.xcconfig"; path = "Target Support Files/Pods-YralTests/Pods-YralTests.release.xcconfig"; sourceTree = "<group>"; };
		A88CCB822E95C480001D43D7 /* RootView.swift */ = {isa = PBXFileReference; lastKnownFileType = sourcecode.swift; path = RootView.swift; sourceTree = "<group>"; };
		AC04D3002E059E3A0055C4AA /* Yral.entitlements */ = {isa = PBXFileReference; lastKnownFileType = text.plist.entitlements; path = Yral.entitlements; sourceTree = "<group>"; };

		AC12B9D12D3809B7004E9EA9 /* GoogleService-Info.plist */ = {isa = PBXFileReference; lastKnownFileType = text.plist.xml; path = "GoogleService-Info.plist"; sourceTree = "<group>"; };
		AC42D4682E0D8EF7009C2D92 /* YralRelease.entitlements */ = {isa = PBXFileReference; lastKnownFileType = text.plist.entitlements; path = YralRelease.entitlements; sourceTree = "<group>"; };
		AC4714E92D38120800A64E29 /* GoogleService-Info.plist */ = {isa = PBXFileReference; lastKnownFileType = text.plist.xml; path = "GoogleService-Info.plist"; sourceTree = "<group>"; };
		AC638BF42D2309BA00481E94 /* KeychainHelper.swift */ = {isa = PBXFileReference; lastKnownFileType = sourcecode.swift; path = KeychainHelper.swift; sourceTree = "<group>"; };
		AC9B77DD2D58C7E300270FC9 /* YralTests.xctest */ = {isa = PBXFileReference; explicitFileType = wrapper.cfbundle; includeInIndex = 0; path = YralTests.xctest; sourceTree = BUILT_PRODUCTS_DIR; };
		ACD941B82CFF575C0038FCB6 /* Yral-Staging.app */ = {isa = PBXFileReference; explicitFileType = wrapper.application; includeInIndex = 0; path = "Yral-Staging.app"; sourceTree = BUILT_PRODUCTS_DIR; };
		ACD941B92CFF575C0038FCB6 /* Info-Staging.plist */ = {isa = PBXFileReference; lastKnownFileType = text.plist.xml; name = "Info-Staging.plist"; path = "/Users/sarveshsharma/Desktop/yral-mobile/iosApp/Staging/Info-Staging.plist"; sourceTree = "<absolute>"; };
		ACD941BE2CFF58B10038FCB6 /* Info.plist */ = {isa = PBXFileReference; lastKnownFileType = text.plist.xml; path = Info.plist; sourceTree = "<group>"; };
		C12441A304DC62C53211645F /* Pods-Yral-Staging.release.xcconfig */ = {isa = PBXFileReference; includeInIndex = 1; lastKnownFileType = text.xcconfig; name = "Pods-Yral-Staging.release.xcconfig"; path = "Target Support Files/Pods-Yral-Staging/Pods-Yral-Staging.release.xcconfig"; sourceTree = "<group>"; };
		C1EFC53F73444FA7E1D4850D /* Pods-Yral-Staging.debug.xcconfig */ = {isa = PBXFileReference; includeInIndex = 1; lastKnownFileType = text.xcconfig; name = "Pods-Yral-Staging.debug.xcconfig"; path = "Target Support Files/Pods-Yral-Staging/Pods-Yral-Staging.debug.xcconfig"; sourceTree = "<group>"; };
		D57B68D9945A635CA2480172 /* Pods_Yral_Staging.framework */ = {isa = PBXFileReference; explicitFileType = wrapper.framework; includeInIndex = 0; path = Pods_Yral_Staging.framework; sourceTree = BUILT_PRODUCTS_DIR; };
		E6FD3CE1ACD57E9261C1D7B1 /* Pods-Yral.debug.xcconfig */ = {isa = PBXFileReference; includeInIndex = 1; lastKnownFileType = text.xcconfig; name = "Pods-Yral.debug.xcconfig"; path = "Target Support Files/Pods-Yral/Pods-Yral.debug.xcconfig"; sourceTree = "<group>"; };
		F101DC6A5D3FFB95F064D36B /* Pods_YralTests.framework */ = {isa = PBXFileReference; explicitFileType = wrapper.framework; includeInIndex = 0; path = Pods_YralTests.framework; sourceTree = BUILT_PRODUCTS_DIR; };
/* End PBXFileReference section */

/* Begin PBXFileSystemSynchronizedRootGroup section */
		AC9B77DE2D58C7E300270FC9 /* YralTests */ = {
			isa = PBXFileSystemSynchronizedRootGroup;
			exceptions = (
			);
			path = YralTests;
			sourceTree = "<group>";
		};
/* End PBXFileSystemSynchronizedRootGroup section */

/* Begin PBXFrameworksBuildPhase section */
		7555FF78242A565900829871 /* Frameworks */ = {
			isa = PBXFrameworksBuildPhase;
			buildActionMask = 2147483647;
			files = (
				102300392E44D48F00E6936E /* BranchSDK in Frameworks */,
				D4BFEF80F86F147FCF76860F /* Pods_Yral.framework in Frameworks */,
			);
			runOnlyForDeploymentPostprocessing = 0;
		};
		AC9B77DA2D58C7E300270FC9 /* Frameworks */ = {
			isa = PBXFrameworksBuildPhase;
			buildActionMask = 2147483647;
			files = (
				E2C461B68E4656DC5B151201 /* Pods_YralTests.framework in Frameworks */,
			);
			runOnlyForDeploymentPostprocessing = 0;
		};
		ACD9418D2CFF575C0038FCB6 /* Frameworks */ = {
			isa = PBXFrameworksBuildPhase;
			buildActionMask = 2147483647;
			files = (
				1023003B2E44D4E200E6936E /* BranchSDK in Frameworks */,
				63997C25DF21E5569B7BCFF5 /* Pods_Yral_Staging.framework in Frameworks */,
			);
			runOnlyForDeploymentPostprocessing = 0;
		};
/* End PBXFrameworksBuildPhase section */

/* Begin PBXGroup section */
		058557D7273AAEEB004C7B11 /* Preview Content */ = {
			isa = PBXGroup;
			children = (
				058557D8273AAEEB004C7B11 /* Preview Assets.xcassets */,
			);
			path = "Preview Content";
			sourceTree = "<group>";
		};
		100540D32E9E6122004F8588 /* UsernameGenerator */ = {
			isa = PBXGroup;
			children = (
				100541B82EAB551F004F8588 /* adjectives.json */,
				100541B52EAB5514004F8588 /* nouns.json */,
			);
			path = UsernameGenerator;
			sourceTree = "<group>";
		};
		687AB5303B57626264B38E96 /* Pods */ = {
			isa = PBXGroup;
			children = (
				E6FD3CE1ACD57E9261C1D7B1 /* Pods-Yral.debug.xcconfig */,
				08F40604DAAC742B08F402D9 /* Pods-Yral.release.xcconfig */,
				C1EFC53F73444FA7E1D4850D /* Pods-Yral-Staging.debug.xcconfig */,
				C12441A304DC62C53211645F /* Pods-Yral-Staging.release.xcconfig */,
				74294ECFE2C99B0DF03151D3 /* Pods-YralTests.debug.xcconfig */,
				9DFDD3B88450E7A2700854D2 /* Pods-YralTests.release.xcconfig */,
			);
			path = Pods;
			sourceTree = "<group>";
		};
		7555FF72242A565900829871 = {
			isa = PBXGroup;
			children = (
				102300362E44D00200E6936E /* Yral-Staging.entitlements */,
				AC42D4682E0D8EF7009C2D92 /* YralRelease.entitlements */,
				AC04D3002E059E3A0055C4AA /* Yral.entitlements */,
				ACD941BD2CFF57BC0038FCB6 /* Staging */,
				ACD941BC2CFF57A90038FCB6 /* Prod */,
				7555FF7D242A565900829871 /* iosApp */,
				AC9B77DE2D58C7E300270FC9 /* YralTests */,
				7555FF7C242A565900829871 /* Products */,
				7555FFB0242A642200829871 /* Frameworks */,
				687AB5303B57626264B38E96 /* Pods */,
			);
			sourceTree = "<group>";
		};
		7555FF7C242A565900829871 /* Products */ = {
			isa = PBXGroup;
			children = (
				7555FF7B242A565900829871 /* Yral.app */,
				ACD941B82CFF575C0038FCB6 /* Yral-Staging.app */,
				AC9B77DD2D58C7E300270FC9 /* YralTests.xctest */,
			);
			name = Products;
			sourceTree = "<group>";
		};
		7555FF7D242A565900829871 /* iosApp */ = {
			isa = PBXGroup;
			children = (
				A88CCB822E95C480001D43D7 /* RootView.swift */,
				2152FB032600AC8F00CF470E /* IosApp.swift */,
				2152FB052600AC8F00CF470E /* NotificationHandler.swift */,
				AC99BBBD2D86F3C9008012C2 /* Libs */,
				AC26CA662D806501006ADA75 /* Utils */,
				ACC0F3992D2ED61100FA5BD0 /* Resources */,
				058557D7273AAEEB004C7B11 /* Preview Content */,
			);
			path = iosApp;
			sourceTree = "<group>";
		};
		7555FFB0242A642200829871 /* Frameworks */ = {
			isa = PBXGroup;
			children = (
				10BA2E822DA64E6A00B6BE97 /* XCTest.framework */,
				013624D656AA39C2083B461F /* Pods_Yral.framework */,
				D57B68D9945A635CA2480172 /* Pods_Yral_Staging.framework */,
				F101DC6A5D3FFB95F064D36B /* Pods_YralTests.framework */,
			);
			name = Frameworks;
			sourceTree = "<group>";
		};
		AC26CA4E2D802765006ADA75 /* Helpers */ = {
			isa = PBXGroup;
			children = (
				AC638BF42D2309BA00481E94 /* KeychainHelper.swift */,
			);
			path = Helpers;
			sourceTree = "<group>";
		};
		AC26CA662D806501006ADA75 /* Utils */ = {
			isa = PBXGroup;
			children = (
				100540D32E9E6122004F8588 /* UsernameGenerator */,
			);
			path = Utils;
			sourceTree = "<group>";
		};
		AC6BECB92D09F0F0002E2021 /* Infrastructure */ = {
			isa = PBXGroup;
			children = (
				ACB46A582D0EF912002E200C /* Auth */,
			);
			path = Infrastructure;
			sourceTree = "<group>";
		};
		AC99BBBD2D86F3C9008012C2 /* Libs */ = {
			isa = PBXGroup;
			children = (
				AC6BECB92D09F0F0002E2021 /* Infrastructure */,
			);
			path = Libs;
			sourceTree = "<group>";
		};
		ACB46A582D0EF912002E200C /* Auth */ = {
			isa = PBXGroup;
			children = (
				AC26CA4E2D802765006ADA75 /* Helpers */,
			);
			path = Auth;
			sourceTree = "<group>";
		};
		ACC0F3992D2ED61100FA5BD0 /* Resources */ = {
			isa = PBXGroup;
			children = (
				058557BA273AAA24004C7B11 /* Assets.xcassets */,
			);
			path = Resources;
			sourceTree = "<group>";
		};
		ACD941BC2CFF57A90038FCB6 /* Prod */ = {
			isa = PBXGroup;
			children = (
				AC4714E92D38120800A64E29 /* GoogleService-Info.plist */,
				ACD941BE2CFF58B10038FCB6 /* Info.plist */,
			);
			path = Prod;
			sourceTree = "<group>";
		};
		ACD941BD2CFF57BC0038FCB6 /* Staging */ = {
			isa = PBXGroup;
			children = (
				AC12B9D12D3809B7004E9EA9 /* GoogleService-Info.plist */,
				ACD941B92CFF575C0038FCB6 /* Info-Staging.plist */,
			);
			path = Staging;
			sourceTree = "<group>";
		};
/* End PBXGroup section */

/* Begin PBXNativeTarget section */
		7555FF7A242A565900829871 /* Yral */ = {
			isa = PBXNativeTarget;
			buildConfigurationList = 7555FFA5242A565B00829871 /* Build configuration list for PBXNativeTarget "Yral" */;
			buildPhases = (
				8AD8414B1ECA3E101A9AFF7F /* [CP] Check Pods Manifest.lock */,
				7555FF77242A565900829871 /* Sources */,
				7555FF78242A565900829871 /* Frameworks */,
				7555FF79242A565900829871 /* Resources */,
				ACC0F3A72D2ED69300FA5BD0 /* Embed Frameworks */,
				0FAFC3CAB4FE788E2CA1475F /* [CP] Embed Pods Frameworks */,
				5E9F6D2E390F403F4749CEB7 /* [CP] Copy Pods Resources */,
			);
			buildRules = (
			);
			dependencies = (
			);
			name = Yral;
			productName = iosApp;
			productReference = 7555FF7B242A565900829871 /* Yral.app */;
			productType = "com.apple.product-type.application";
		};
		AC9B77DC2D58C7E300270FC9 /* YralTests */ = {
			isa = PBXNativeTarget;
			buildConfigurationList = AC9B77E32D58C7E300270FC9 /* Build configuration list for PBXNativeTarget "YralTests" */;
			buildPhases = (
				BE8F212F9D7115A0C1DBD8F9 /* [CP] Check Pods Manifest.lock */,
				AC9B77D92D58C7E300270FC9 /* Sources */,
				AC9B77DA2D58C7E300270FC9 /* Frameworks */,
				AC9B77DB2D58C7E300270FC9 /* Resources */,
				414580285933B591D290404E /* [CP] Embed Pods Frameworks */,
				7F3765D82377DB58F9926746 /* [CP] Copy Pods Resources */,
			);
			buildRules = (
			);
			dependencies = (
				10512A3F2DA6552C00114BAA /* PBXTargetDependency */,
			);
			fileSystemSynchronizedGroups = (
				AC9B77DE2D58C7E300270FC9 /* YralTests */,
			);
			name = YralTests;
			productName = YralTests;
			productReference = AC9B77DD2D58C7E300270FC9 /* YralTests.xctest */;
			productType = "com.apple.product-type.bundle.unit-test";
		};
		ACD941832CFF575C0038FCB6 /* Yral-Staging */ = {
			isa = PBXNativeTarget;
			buildConfigurationList = ACD941B52CFF575C0038FCB6 /* Build configuration list for PBXNativeTarget "Yral-Staging" */;
			buildPhases = (
				B139A6AB7C9D80E823C501AA /* [CP] Check Pods Manifest.lock */,
				ACD941862CFF575C0038FCB6 /* Sources */,
				ACD9418D2CFF575C0038FCB6 /* Frameworks */,
				ACD941B02CFF575C0038FCB6 /* Resources */,
				ACC0F3AA2D2ED77200FA5BD0 /* Embed Frameworks */,
				C626938FB2B206BAED91BD52 /* [CP] Embed Pods Frameworks */,
				CAEB7FD89F73FEA33FC32D2F /* [CP] Copy Pods Resources */,
			);
			buildRules = (
			);
			dependencies = (
			);
			name = "Yral-Staging";
			productName = iosApp;
			productReference = ACD941B82CFF575C0038FCB6 /* Yral-Staging.app */;
			productType = "com.apple.product-type.application";
		};
/* End PBXNativeTarget section */

/* Begin PBXProject section */
		7555FF73242A565900829871 /* Project object */ = {
			isa = PBXProject;
			attributes = {
				LastSwiftUpdateCheck = 1620;
				LastUpgradeCheck = 1130;
				ORGANIZATIONNAME = orgName;
				TargetAttributes = {
					7555FF7A242A565900829871 = {
						CreatedOnToolsVersion = 11.3.1;
					};
					AC9B77DC2D58C7E300270FC9 = {
						CreatedOnToolsVersion = 16.2;
						TestTargetID = 7555FF7A242A565900829871;
					};
				};
			};
			buildConfigurationList = 7555FF76242A565900829871 /* Build configuration list for PBXProject "iosApp" */;
			developmentRegion = en;
			hasScannedForEncodings = 0;
			knownRegions = (
				en,
				Base,
			);
			mainGroup = 7555FF72242A565900829871;
			packageReferences = (
				102300372E44D48F00E6936E /* XCRemoteSwiftPackageReference "ios-branch-sdk-spm" */,
			);
			preferredProjectObjectVersion = 77;
			productRefGroup = 7555FF7C242A565900829871 /* Products */;
			projectDirPath = "";
			projectRoot = "";
			targets = (
				7555FF7A242A565900829871 /* Yral */,
				ACD941832CFF575C0038FCB6 /* Yral-Staging */,
				AC9B77DC2D58C7E300270FC9 /* YralTests */,
			);
		};
/* End PBXProject section */

/* Begin PBXResourcesBuildPhase section */
		7555FF79242A565900829871 /* Resources */ = {
			isa = PBXResourcesBuildPhase;
			buildActionMask = 2147483647;
			files = (
				058557BB273AAA24004C7B11 /* Assets.xcassets in Resources */,
				AC4714EA2D38120800A64E29 /* GoogleService-Info.plist in Resources */,
			);
			runOnlyForDeploymentPostprocessing = 0;
		};
		AC9B77DB2D58C7E300270FC9 /* Resources */ = {
			isa = PBXResourcesBuildPhase;
			buildActionMask = 2147483647;
			files = (
			);
			runOnlyForDeploymentPostprocessing = 0;
		};
		ACD941B02CFF575C0038FCB6 /* Resources */ = {
			isa = PBXResourcesBuildPhase;
			buildActionMask = 2147483647;
			files = (
				AC12B9D22D3809B7004E9EA9 /* GoogleService-Info.plist in Resources */,
				ACD941B22CFF575C0038FCB6 /* Assets.xcassets in Resources */,
			);
			runOnlyForDeploymentPostprocessing = 0;
		};
/* End PBXResourcesBuildPhase section */

/* Begin PBXShellScriptBuildPhase section */
		0FAFC3CAB4FE788E2CA1475F /* [CP] Embed Pods Frameworks */ = {
			isa = PBXShellScriptBuildPhase;
			buildActionMask = 2147483647;
			files = (
			);
			inputFileListPaths = (
				"${PODS_ROOT}/Target Support Files/Pods-Yral/Pods-Yral-frameworks-${CONFIGURATION}-input-files.xcfilelist",
			);
			name = "[CP] Embed Pods Frameworks";
			outputFileListPaths = (
				"${PODS_ROOT}/Target Support Files/Pods-Yral/Pods-Yral-frameworks-${CONFIGURATION}-output-files.xcfilelist",
			);
			runOnlyForDeploymentPostprocessing = 0;
			shellPath = /bin/sh;
			shellScript = "\"${PODS_ROOT}/Target Support Files/Pods-Yral/Pods-Yral-frameworks.sh\"\n";
			showEnvVarsInLog = 0;
		};
		414580285933B591D290404E /* [CP] Embed Pods Frameworks */ = {
			isa = PBXShellScriptBuildPhase;
			buildActionMask = 2147483647;
			files = (
			);
			inputFileListPaths = (
				"${PODS_ROOT}/Target Support Files/Pods-YralTests/Pods-YralTests-frameworks-${CONFIGURATION}-input-files.xcfilelist",
			);
			name = "[CP] Embed Pods Frameworks";
			outputFileListPaths = (
				"${PODS_ROOT}/Target Support Files/Pods-YralTests/Pods-YralTests-frameworks-${CONFIGURATION}-output-files.xcfilelist",
			);
			runOnlyForDeploymentPostprocessing = 0;
			shellPath = /bin/sh;
			shellScript = "\"${PODS_ROOT}/Target Support Files/Pods-YralTests/Pods-YralTests-frameworks.sh\"\n";
			showEnvVarsInLog = 0;
		};
		5E9F6D2E390F403F4749CEB7 /* [CP] Copy Pods Resources */ = {
			isa = PBXShellScriptBuildPhase;
			buildActionMask = 2147483647;
			files = (
			);
			inputFileListPaths = (
				"${PODS_ROOT}/Target Support Files/Pods-Yral/Pods-Yral-resources-${CONFIGURATION}-input-files.xcfilelist",
			);
			name = "[CP] Copy Pods Resources";
			outputFileListPaths = (
				"${PODS_ROOT}/Target Support Files/Pods-Yral/Pods-Yral-resources-${CONFIGURATION}-output-files.xcfilelist",
			);
			runOnlyForDeploymentPostprocessing = 0;
			shellPath = /bin/sh;
			shellScript = "\"${PODS_ROOT}/Target Support Files/Pods-Yral/Pods-Yral-resources.sh\"\n";
			showEnvVarsInLog = 0;
		};
		7F3765D82377DB58F9926746 /* [CP] Copy Pods Resources */ = {
			isa = PBXShellScriptBuildPhase;
			buildActionMask = 2147483647;
			files = (
			);
			inputFileListPaths = (
				"${PODS_ROOT}/Target Support Files/Pods-YralTests/Pods-YralTests-resources-${CONFIGURATION}-input-files.xcfilelist",
			);
			name = "[CP] Copy Pods Resources";
			outputFileListPaths = (
				"${PODS_ROOT}/Target Support Files/Pods-YralTests/Pods-YralTests-resources-${CONFIGURATION}-output-files.xcfilelist",
			);
			runOnlyForDeploymentPostprocessing = 0;
			shellPath = /bin/sh;
			shellScript = "\"${PODS_ROOT}/Target Support Files/Pods-YralTests/Pods-YralTests-resources.sh\"\n";
			showEnvVarsInLog = 0;
		};
		8AD8414B1ECA3E101A9AFF7F /* [CP] Check Pods Manifest.lock */ = {
			isa = PBXShellScriptBuildPhase;
			buildActionMask = 2147483647;
			files = (
			);
			inputFileListPaths = (
			);
			inputPaths = (
				"${PODS_PODFILE_DIR_PATH}/Podfile.lock",
				"${PODS_ROOT}/Manifest.lock",
			);
			name = "[CP] Check Pods Manifest.lock";
			outputFileListPaths = (
			);
			outputPaths = (
				"$(DERIVED_FILE_DIR)/Pods-Yral-checkManifestLockResult.txt",
			);
			runOnlyForDeploymentPostprocessing = 0;
			shellPath = /bin/sh;
			shellScript = "diff \"${PODS_PODFILE_DIR_PATH}/Podfile.lock\" \"${PODS_ROOT}/Manifest.lock\" > /dev/null\nif [ $? != 0 ] ; then\n    # print error to STDERR\n    echo \"error: The sandbox is not in sync with the Podfile.lock. Run 'pod install' or update your CocoaPods installation.\" >&2\n    exit 1\nfi\n# This output is used by Xcode 'outputs' to avoid re-running this script phase.\necho \"SUCCESS\" > \"${SCRIPT_OUTPUT_FILE_0}\"\n";
			showEnvVarsInLog = 0;
		};
		B139A6AB7C9D80E823C501AA /* [CP] Check Pods Manifest.lock */ = {
			isa = PBXShellScriptBuildPhase;
			buildActionMask = 2147483647;
			files = (
			);
			inputFileListPaths = (
			);
			inputPaths = (
				"${PODS_PODFILE_DIR_PATH}/Podfile.lock",
				"${PODS_ROOT}/Manifest.lock",
			);
			name = "[CP] Check Pods Manifest.lock";
			outputFileListPaths = (
			);
			outputPaths = (
				"$(DERIVED_FILE_DIR)/Pods-Yral-Staging-checkManifestLockResult.txt",
			);
			runOnlyForDeploymentPostprocessing = 0;
			shellPath = /bin/sh;
			shellScript = "diff \"${PODS_PODFILE_DIR_PATH}/Podfile.lock\" \"${PODS_ROOT}/Manifest.lock\" > /dev/null\nif [ $? != 0 ] ; then\n    # print error to STDERR\n    echo \"error: The sandbox is not in sync with the Podfile.lock. Run 'pod install' or update your CocoaPods installation.\" >&2\n    exit 1\nfi\n# This output is used by Xcode 'outputs' to avoid re-running this script phase.\necho \"SUCCESS\" > \"${SCRIPT_OUTPUT_FILE_0}\"\n";
			showEnvVarsInLog = 0;
		};
		BE8F212F9D7115A0C1DBD8F9 /* [CP] Check Pods Manifest.lock */ = {
			isa = PBXShellScriptBuildPhase;
			buildActionMask = 2147483647;
			files = (
			);
			inputFileListPaths = (
			);
			inputPaths = (
				"${PODS_PODFILE_DIR_PATH}/Podfile.lock",
				"${PODS_ROOT}/Manifest.lock",
			);
			name = "[CP] Check Pods Manifest.lock";
			outputFileListPaths = (
			);
			outputPaths = (
				"$(DERIVED_FILE_DIR)/Pods-YralTests-checkManifestLockResult.txt",
			);
			runOnlyForDeploymentPostprocessing = 0;
			shellPath = /bin/sh;
			shellScript = "diff \"${PODS_PODFILE_DIR_PATH}/Podfile.lock\" \"${PODS_ROOT}/Manifest.lock\" > /dev/null\nif [ $? != 0 ] ; then\n    # print error to STDERR\n    echo \"error: The sandbox is not in sync with the Podfile.lock. Run 'pod install' or update your CocoaPods installation.\" >&2\n    exit 1\nfi\n# This output is used by Xcode 'outputs' to avoid re-running this script phase.\necho \"SUCCESS\" > \"${SCRIPT_OUTPUT_FILE_0}\"\n";
			showEnvVarsInLog = 0;
		};
		C626938FB2B206BAED91BD52 /* [CP] Embed Pods Frameworks */ = {
			isa = PBXShellScriptBuildPhase;
			buildActionMask = 2147483647;
			files = (
			);
			inputFileListPaths = (
				"${PODS_ROOT}/Target Support Files/Pods-Yral-Staging/Pods-Yral-Staging-frameworks-${CONFIGURATION}-input-files.xcfilelist",
			);
			name = "[CP] Embed Pods Frameworks";
			outputFileListPaths = (
				"${PODS_ROOT}/Target Support Files/Pods-Yral-Staging/Pods-Yral-Staging-frameworks-${CONFIGURATION}-output-files.xcfilelist",
			);
			runOnlyForDeploymentPostprocessing = 0;
			shellPath = /bin/sh;
			shellScript = "\"${PODS_ROOT}/Target Support Files/Pods-Yral-Staging/Pods-Yral-Staging-frameworks.sh\"\n";
			showEnvVarsInLog = 0;
		};
		CAEB7FD89F73FEA33FC32D2F /* [CP] Copy Pods Resources */ = {
			isa = PBXShellScriptBuildPhase;
			buildActionMask = 2147483647;
			files = (
			);
			inputFileListPaths = (
				"${PODS_ROOT}/Target Support Files/Pods-Yral-Staging/Pods-Yral-Staging-resources-${CONFIGURATION}-input-files.xcfilelist",
			);
			name = "[CP] Copy Pods Resources";
			outputFileListPaths = (
				"${PODS_ROOT}/Target Support Files/Pods-Yral-Staging/Pods-Yral-Staging-resources-${CONFIGURATION}-output-files.xcfilelist",
			);
			runOnlyForDeploymentPostprocessing = 0;
			shellPath = /bin/sh;
			shellScript = "\"${PODS_ROOT}/Target Support Files/Pods-Yral-Staging/Pods-Yral-Staging-resources.sh\"\n";
			showEnvVarsInLog = 0;
		};
/* End PBXShellScriptBuildPhase section */

/* Begin PBXSourcesBuildPhase section */
		7555FF77242A565900829871 /* Sources */ = {
			isa = PBXSourcesBuildPhase;
			buildActionMask = 2147483647;
			files = (
				2152FB042600AC8F00CF470E /* IosApp.swift in Sources */,
				2152FB062600AC8F00CF470E /* NotificationHandler.swift in Sources */,
				A88CCB842E95C483001D43D7 /* RootView.swift in Sources */,
				AC638BF62D2309C000481E94 /* KeychainHelper.swift in Sources */,
			);
			runOnlyForDeploymentPostprocessing = 0;
		};
		AC9B77D92D58C7E300270FC9 /* Sources */ = {
			isa = PBXSourcesBuildPhase;
			buildActionMask = 2147483647;
			files = (
			);
			runOnlyForDeploymentPostprocessing = 0;
		};
		ACD941862CFF575C0038FCB6 /* Sources */ = {
			isa = PBXSourcesBuildPhase;
			buildActionMask = 2147483647;
			files = (
				ACD941872CFF575C0038FCB6 /* IosApp.swift in Sources */,
				ACD941882CFF575C0038FCB6 /* NotificationHandler.swift in Sources */,
				A88CCB832E95C483001D43D7 /* RootView.swift in Sources */,
				AC638BF52D2309C000481E94 /* KeychainHelper.swift in Sources */,
			);
			runOnlyForDeploymentPostprocessing = 0;
		};
/* End PBXSourcesBuildPhase section */

/* Begin PBXTargetDependency section */
		10512A3F2DA6552C00114BAA /* PBXTargetDependency */ = {
			isa = PBXTargetDependency;
			target = 7555FF7A242A565900829871 /* Yral */;
			targetProxy = 10512A3E2DA6552C00114BAA /* PBXContainerItemProxy */;
		};
/* End PBXTargetDependency section */

/* Begin XCBuildConfiguration section */
		7555FFA3242A565B00829871 /* Debug */ = {
			isa = XCBuildConfiguration;
			buildSettings = {
				ALWAYS_SEARCH_USER_PATHS = NO;
				CLANG_ANALYZER_NONNULL = YES;
				CLANG_ANALYZER_NUMBER_OBJECT_CONVERSION = YES_AGGRESSIVE;
				CLANG_CXX_LANGUAGE_STANDARD = "gnu++14";
				CLANG_CXX_LIBRARY = "libc++";
				CLANG_ENABLE_MODULES = YES;
				CLANG_ENABLE_OBJC_ARC = YES;
				CLANG_ENABLE_OBJC_WEAK = YES;
				CLANG_WARN_BLOCK_CAPTURE_AUTORELEASING = YES;
				CLANG_WARN_BOOL_CONVERSION = YES;
				CLANG_WARN_COMMA = YES;
				CLANG_WARN_CONSTANT_CONVERSION = YES;
				CLANG_WARN_DEPRECATED_OBJC_IMPLEMENTATIONS = YES;
				CLANG_WARN_DIRECT_OBJC_ISA_USAGE = YES_ERROR;
				CLANG_WARN_DOCUMENTATION_COMMENTS = YES;
				CLANG_WARN_EMPTY_BODY = YES;
				CLANG_WARN_ENUM_CONVERSION = YES;
				CLANG_WARN_INFINITE_RECURSION = YES;
				CLANG_WARN_INT_CONVERSION = YES;
				CLANG_WARN_NON_LITERAL_NULL_CONVERSION = YES;
				CLANG_WARN_OBJC_IMPLICIT_RETAIN_SELF = YES;
				CLANG_WARN_OBJC_LITERAL_CONVERSION = YES;
				CLANG_WARN_OBJC_ROOT_CLASS = YES_ERROR;
				CLANG_WARN_QUOTED_INCLUDE_IN_FRAMEWORK_HEADER = YES;
				CLANG_WARN_RANGE_LOOP_ANALYSIS = YES;
				CLANG_WARN_STRICT_PROTOTYPES = YES;
				CLANG_WARN_SUSPICIOUS_MOVE = YES;
				CLANG_WARN_UNGUARDED_AVAILABILITY = YES_AGGRESSIVE;
				CLANG_WARN_UNREACHABLE_CODE = YES;
				CLANG_WARN__DUPLICATE_METHOD_MATCH = YES;
				COPY_PHASE_STRIP = NO;
				DEBUG_INFORMATION_FORMAT = "dwarf-with-dsym";
				ENABLE_STRICT_OBJC_MSGSEND = YES;
				ENABLE_TESTABILITY = YES;
				GCC_C_LANGUAGE_STANDARD = gnu11;
				GCC_DYNAMIC_NO_PIC = NO;
				GCC_NO_COMMON_BLOCKS = YES;
				GCC_OPTIMIZATION_LEVEL = 0;
				GCC_PREPROCESSOR_DEFINITIONS = (
					"DEBUG=1",
					"$(inherited)",
				);
				GCC_WARN_64_TO_32_BIT_CONVERSION = YES;
				GCC_WARN_ABOUT_RETURN_TYPE = YES_ERROR;
				GCC_WARN_UNDECLARED_SELECTOR = YES;
				GCC_WARN_UNINITIALIZED_AUTOS = YES_AGGRESSIVE;
				GCC_WARN_UNUSED_FUNCTION = YES;
				GCC_WARN_UNUSED_VARIABLE = YES;
				IPHONEOS_DEPLOYMENT_TARGET = 14.1;
				MTL_ENABLE_DEBUG_INFO = INCLUDE_SOURCE;
				MTL_FAST_MATH = YES;
				ONLY_ACTIVE_ARCH = YES;
				SDKROOT = iphoneos;
				STRIP_INSTALLED_PRODUCT = NO;
				SWIFT_ACTIVE_COMPILATION_CONDITIONS = DEBUG;
				SWIFT_OPTIMIZATION_LEVEL = "-Onone";
				SWIFT_VERSION = 5.0;
			};
			name = Debug;
		};
		7555FFA4242A565B00829871 /* Release */ = {
			isa = XCBuildConfiguration;
			buildSettings = {
				ALWAYS_SEARCH_USER_PATHS = NO;
				CLANG_ANALYZER_NONNULL = YES;
				CLANG_ANALYZER_NUMBER_OBJECT_CONVERSION = YES_AGGRESSIVE;
				CLANG_CXX_LANGUAGE_STANDARD = "gnu++14";
				CLANG_CXX_LIBRARY = "libc++";
				CLANG_ENABLE_MODULES = YES;
				CLANG_ENABLE_OBJC_ARC = YES;
				CLANG_ENABLE_OBJC_WEAK = YES;
				CLANG_WARN_BLOCK_CAPTURE_AUTORELEASING = YES;
				CLANG_WARN_BOOL_CONVERSION = YES;
				CLANG_WARN_COMMA = YES;
				CLANG_WARN_CONSTANT_CONVERSION = YES;
				CLANG_WARN_DEPRECATED_OBJC_IMPLEMENTATIONS = YES;
				CLANG_WARN_DIRECT_OBJC_ISA_USAGE = YES_ERROR;
				CLANG_WARN_DOCUMENTATION_COMMENTS = YES;
				CLANG_WARN_EMPTY_BODY = YES;
				CLANG_WARN_ENUM_CONVERSION = YES;
				CLANG_WARN_INFINITE_RECURSION = YES;
				CLANG_WARN_INT_CONVERSION = YES;
				CLANG_WARN_NON_LITERAL_NULL_CONVERSION = YES;
				CLANG_WARN_OBJC_IMPLICIT_RETAIN_SELF = YES;
				CLANG_WARN_OBJC_LITERAL_CONVERSION = YES;
				CLANG_WARN_OBJC_ROOT_CLASS = YES_ERROR;
				CLANG_WARN_QUOTED_INCLUDE_IN_FRAMEWORK_HEADER = YES;
				CLANG_WARN_RANGE_LOOP_ANALYSIS = YES;
				CLANG_WARN_STRICT_PROTOTYPES = YES;
				CLANG_WARN_SUSPICIOUS_MOVE = YES;
				CLANG_WARN_UNGUARDED_AVAILABILITY = YES_AGGRESSIVE;
				CLANG_WARN_UNREACHABLE_CODE = YES;
				CLANG_WARN__DUPLICATE_METHOD_MATCH = YES;
				COPY_PHASE_STRIP = NO;
				DEBUG_INFORMATION_FORMAT = "dwarf-with-dsym";
				ENABLE_NS_ASSERTIONS = NO;
				ENABLE_STRICT_OBJC_MSGSEND = YES;
				GCC_C_LANGUAGE_STANDARD = gnu11;
				GCC_NO_COMMON_BLOCKS = YES;
				GCC_WARN_64_TO_32_BIT_CONVERSION = YES;
				GCC_WARN_ABOUT_RETURN_TYPE = YES_ERROR;
				GCC_WARN_UNDECLARED_SELECTOR = YES;
				GCC_WARN_UNINITIALIZED_AUTOS = YES_AGGRESSIVE;
				GCC_WARN_UNUSED_FUNCTION = YES;
				GCC_WARN_UNUSED_VARIABLE = YES;
				IPHONEOS_DEPLOYMENT_TARGET = 14.1;
				MTL_ENABLE_DEBUG_INFO = NO;
				MTL_FAST_MATH = YES;
				SDKROOT = iphoneos;
				STRIP_INSTALLED_PRODUCT = NO;
				SWIFT_COMPILATION_MODE = wholemodule;
				SWIFT_OPTIMIZATION_LEVEL = "-O";
				SWIFT_VERSION = 5.0;
				VALIDATE_PRODUCT = YES;
			};
			name = Release;
		};
		7555FFA6242A565B00829871 /* Debug */ = {
			isa = XCBuildConfiguration;
			baseConfigurationReference = E6FD3CE1ACD57E9261C1D7B1 /* Pods-Yral.debug.xcconfig */;
			buildSettings = {
				ASSETCATALOG_COMPILER_APPICON_NAME = AppIcon;
				CODE_SIGN_ENTITLEMENTS = Yral.entitlements;
				CODE_SIGN_IDENTITY = "Apple Development";
				"CODE_SIGN_IDENTITY[sdk=iphoneos*]" = "iPhone Developer";
				CODE_SIGN_STYLE = Manual;
				CURRENT_PROJECT_VERSION = 7;
				DEVELOPMENT_ASSET_PATHS = "\"iosApp/Preview Content\"";
				DEVELOPMENT_TEAM = "";
				"DEVELOPMENT_TEAM[sdk=iphoneos*]" = 2UL556KNXC;
				ENABLE_PREVIEWS = YES;
				INFOPLIST_FILE = Prod/Info.plist;
				INFOPLIST_KEY_CFBundleDisplayName = Yral;
				IPHONEOS_DEPLOYMENT_TARGET = 15.6;
				LD_RUNPATH_SEARCH_PATHS = (
					"$(inherited)",
					"@executable_path/Frameworks",
				);
				MARKETING_VERSION = 3.3.3;
				OTHER_LDFLAGS = (
					"$(inherited)",
					"-ObjC",
				);
				PRODUCT_BUNDLE_IDENTIFIER = com.yral.iosApp;
				PRODUCT_NAME = "$(TARGET_NAME)";
				PROVISIONING_PROFILE_SPECIFIER = "";
				"PROVISIONING_PROFILE_SPECIFIER[sdk=iphoneos*]" = "Yral-Dev";
				SUPPORTED_PLATFORMS = "iphoneos iphonesimulator";
				SUPPORTS_MACCATALYST = NO;
				SUPPORTS_MAC_DESIGNED_FOR_IPHONE_IPAD = NO;
				SUPPORTS_XR_DESIGNED_FOR_IPHONE_IPAD = NO;
				SWIFT_VERSION = 5.0;
				TARGETED_DEVICE_FAMILY = 1;
			};
			name = Debug;
		};
		7555FFA7242A565B00829871 /* Release */ = {
			isa = XCBuildConfiguration;
			baseConfigurationReference = 08F40604DAAC742B08F402D9 /* Pods-Yral.release.xcconfig */;
			buildSettings = {
				ASSETCATALOG_COMPILER_APPICON_NAME = AppIcon;
				CODE_SIGN_ENTITLEMENTS = YralRelease.entitlements;
				CODE_SIGN_IDENTITY = "Apple Development";
				"CODE_SIGN_IDENTITY[sdk=iphoneos*]" = "iPhone Distribution";
				CODE_SIGN_STYLE = Manual;
				CURRENT_PROJECT_VERSION = 7;
				DEVELOPMENT_ASSET_PATHS = "\"iosApp/Preview Content\"";
				DEVELOPMENT_TEAM = "";
				"DEVELOPMENT_TEAM[sdk=iphoneos*]" = 2UL556KNXC;
				ENABLE_PREVIEWS = YES;
				INFOPLIST_FILE = Prod/Info.plist;
				INFOPLIST_KEY_CFBundleDisplayName = Yral;
				IPHONEOS_DEPLOYMENT_TARGET = 15.6;
				LD_RUNPATH_SEARCH_PATHS = (
					"$(inherited)",
					"@executable_path/Frameworks",
				);
				MARKETING_VERSION = 3.3.3;
				OTHER_LDFLAGS = (
					"$(inherited)",
					"-ObjC",
				);
				PRODUCT_BUNDLE_IDENTIFIER = com.yral.iosApp;
				PRODUCT_NAME = "$(TARGET_NAME)";
				PROVISIONING_PROFILE_SPECIFIER = "";
				"PROVISIONING_PROFILE_SPECIFIER[sdk=iphoneos*]" = "Yral-Distribution";
				SUPPORTED_PLATFORMS = "iphoneos iphonesimulator";
				SUPPORTS_MACCATALYST = NO;
				SUPPORTS_MAC_DESIGNED_FOR_IPHONE_IPAD = NO;
				SUPPORTS_XR_DESIGNED_FOR_IPHONE_IPAD = NO;
				SWIFT_VERSION = 5.0;
				TARGETED_DEVICE_FAMILY = 1;
			};
			name = Release;
		};
		AC9B77E42D58C7E300270FC9 /* Debug */ = {
			isa = XCBuildConfiguration;
			baseConfigurationReference = 74294ECFE2C99B0DF03151D3 /* Pods-YralTests.debug.xcconfig */;
			buildSettings = {
				ASSETCATALOG_COMPILER_GENERATE_SWIFT_ASSET_SYMBOL_EXTENSIONS = YES;
				BUNDLE_LOADER = "$(TEST_HOST)";
				CLANG_CXX_LANGUAGE_STANDARD = "gnu++20";
				CODE_SIGN_STYLE = Automatic;
				CURRENT_PROJECT_VERSION = 7;
				DEBUG_INFORMATION_FORMAT = dwarf;
				DEVELOPMENT_TEAM = 2UL556KNXC;
				ENABLE_USER_SCRIPT_SANDBOXING = NO;
				GCC_C_LANGUAGE_STANDARD = gnu17;
				GENERATE_INFOPLIST_FILE = YES;
				IPHONEOS_DEPLOYMENT_TARGET = 15.6;
				LOCALIZATION_PREFERS_STRING_CATALOGS = YES;
				MARKETING_VERSION = 1.0;
				PRODUCT_BUNDLE_IDENTIFIER = com.yral.iosAppTests;
				PRODUCT_NAME = "$(TARGET_NAME)";
				SWIFT_ACTIVE_COMPILATION_CONDITIONS = "DEBUG $(inherited)";
				SWIFT_EMIT_LOC_STRINGS = NO;
				SWIFT_VERSION = 5.0;
				TARGETED_DEVICE_FAMILY = "1,2";
				TEST_HOST = "$(BUILT_PRODUCTS_DIR)/Yral.app/$(BUNDLE_EXECUTABLE_FOLDER_PATH)/Yral";
			};
			name = Debug;
		};
		AC9B77E52D58C7E300270FC9 /* Release */ = {
			isa = XCBuildConfiguration;
			baseConfigurationReference = 9DFDD3B88450E7A2700854D2 /* Pods-YralTests.release.xcconfig */;
			buildSettings = {
				ASSETCATALOG_COMPILER_GENERATE_SWIFT_ASSET_SYMBOL_EXTENSIONS = YES;
				BUNDLE_LOADER = "$(TEST_HOST)";
				CLANG_CXX_LANGUAGE_STANDARD = "gnu++20";
				CODE_SIGN_STYLE = Automatic;
				CURRENT_PROJECT_VERSION = 7;
				DEVELOPMENT_TEAM = 2UL556KNXC;
				ENABLE_USER_SCRIPT_SANDBOXING = NO;
				GCC_C_LANGUAGE_STANDARD = gnu17;
				GENERATE_INFOPLIST_FILE = YES;
				IPHONEOS_DEPLOYMENT_TARGET = 15.6;
				LOCALIZATION_PREFERS_STRING_CATALOGS = YES;
				MARKETING_VERSION = 1.0;
				PRODUCT_BUNDLE_IDENTIFIER = com.yral.iosAppTests;
				PRODUCT_NAME = "$(TARGET_NAME)";
				SWIFT_EMIT_LOC_STRINGS = NO;
				SWIFT_VERSION = 5.0;
				TARGETED_DEVICE_FAMILY = "1,2";
				TEST_HOST = "$(BUILT_PRODUCTS_DIR)/Yral.app/$(BUNDLE_EXECUTABLE_FOLDER_PATH)/Yral";
			};
			name = Release;
		};
		ACD941B62CFF575C0038FCB6 /* Debug */ = {
			isa = XCBuildConfiguration;
			baseConfigurationReference = C1EFC53F73444FA7E1D4850D /* Pods-Yral-Staging.debug.xcconfig */;
			buildSettings = {
				ASSETCATALOG_COMPILER_APPICON_NAME = AppIcon;
				CODE_SIGN_ENTITLEMENTS = "Yral-Staging.entitlements";
				CODE_SIGN_IDENTITY = "Apple Development";
				"CODE_SIGN_IDENTITY[sdk=iphoneos*]" = "iPhone Developer";
				CODE_SIGN_STYLE = Manual;
				CURRENT_PROJECT_VERSION = 7;
				DEVELOPMENT_ASSET_PATHS = "\"iosApp/Preview Content\"";
				DEVELOPMENT_TEAM = "";
				"DEVELOPMENT_TEAM[sdk=iphoneos*]" = 2UL556KNXC;
				ENABLE_PREVIEWS = YES;
				INFOPLIST_FILE = "Staging/Info-Staging.plist";
				INFOPLIST_KEY_CFBundleDisplayName = "Yral-Staging";
				IPHONEOS_DEPLOYMENT_TARGET = 15.6;
				LD_RUNPATH_SEARCH_PATHS = (
					"$(inherited)",
					"@executable_path/Frameworks",
				);
				MARKETING_VERSION = 1.0.0;
				OTHER_LDFLAGS = (
					"$(inherited)",
					"-ObjC",
				);
				PRODUCT_BUNDLE_IDENTIFIER = com.yral.iosApp.staging;
				PRODUCT_NAME = "$(TARGET_NAME)";
				PROVISIONING_PROFILE_SPECIFIER = "";
				"PROVISIONING_PROFILE_SPECIFIER[sdk=iphoneos*]" = "Yral-Staging-Dev";
				SUPPORTED_PLATFORMS = "iphoneos iphonesimulator";
				SUPPORTS_MACCATALYST = NO;
				SUPPORTS_MAC_DESIGNED_FOR_IPHONE_IPAD = NO;
				SUPPORTS_XR_DESIGNED_FOR_IPHONE_IPAD = NO;
				TARGETED_DEVICE_FAMILY = 1;
			};
			name = Debug;
		};
		ACD941B72CFF575C0038FCB6 /* Release */ = {
			isa = XCBuildConfiguration;
			baseConfigurationReference = C12441A304DC62C53211645F /* Pods-Yral-Staging.release.xcconfig */;
			buildSettings = {
				ASSETCATALOG_COMPILER_APPICON_NAME = AppIcon;
				CODE_SIGN_ENTITLEMENTS = "Yral-Staging.entitlements";
				CODE_SIGN_IDENTITY = "Apple Development";
				"CODE_SIGN_IDENTITY[sdk=iphoneos*]" = "iPhone Distribution";
				CODE_SIGN_STYLE = Manual;
				CURRENT_PROJECT_VERSION = 7;
				DEVELOPMENT_ASSET_PATHS = "\"iosApp/Preview Content\"";
				DEVELOPMENT_TEAM = "";
				"DEVELOPMENT_TEAM[sdk=iphoneos*]" = 2UL556KNXC;
				ENABLE_PREVIEWS = YES;
				INFOPLIST_FILE = "Staging/Info-Staging.plist";
				INFOPLIST_KEY_CFBundleDisplayName = "Yral-Staging";
				IPHONEOS_DEPLOYMENT_TARGET = 15.6;
				LD_RUNPATH_SEARCH_PATHS = (
					"$(inherited)",
					"@executable_path/Frameworks",
				);
				MARKETING_VERSION = 1.0.0;
				OTHER_LDFLAGS = (
					"$(inherited)",
					"-ObjC",
				);
				PRODUCT_BUNDLE_IDENTIFIER = com.yral.iosApp.staging;
				PRODUCT_NAME = "$(TARGET_NAME)";
				PROVISIONING_PROFILE_SPECIFIER = "";
				"PROVISIONING_PROFILE_SPECIFIER[sdk=iphoneos*]" = "Yral-Staging-Distribution";
				SUPPORTED_PLATFORMS = "iphoneos iphonesimulator";
				SUPPORTS_MACCATALYST = NO;
				SUPPORTS_MAC_DESIGNED_FOR_IPHONE_IPAD = NO;
				SUPPORTS_XR_DESIGNED_FOR_IPHONE_IPAD = NO;
				TARGETED_DEVICE_FAMILY = 1;
			};
			name = Release;
		};
/* End XCBuildConfiguration section */

/* Begin XCConfigurationList section */
		7555FF76242A565900829871 /* Build configuration list for PBXProject "iosApp" */ = {
			isa = XCConfigurationList;
			buildConfigurations = (
				7555FFA3242A565B00829871 /* Debug */,
				7555FFA4242A565B00829871 /* Release */,
			);
			defaultConfigurationIsVisible = 0;
			defaultConfigurationName = Release;
		};
		7555FFA5242A565B00829871 /* Build configuration list for PBXNativeTarget "Yral" */ = {
			isa = XCConfigurationList;
			buildConfigurations = (
				7555FFA6242A565B00829871 /* Debug */,
				7555FFA7242A565B00829871 /* Release */,
			);
			defaultConfigurationIsVisible = 0;
			defaultConfigurationName = Release;
		};
		AC9B77E32D58C7E300270FC9 /* Build configuration list for PBXNativeTarget "YralTests" */ = {
			isa = XCConfigurationList;
			buildConfigurations = (
				AC9B77E42D58C7E300270FC9 /* Debug */,
				AC9B77E52D58C7E300270FC9 /* Release */,
			);
			defaultConfigurationIsVisible = 0;
			defaultConfigurationName = Release;
		};
		ACD941B52CFF575C0038FCB6 /* Build configuration list for PBXNativeTarget "Yral-Staging" */ = {
			isa = XCConfigurationList;
			buildConfigurations = (
				ACD941B62CFF575C0038FCB6 /* Debug */,
				ACD941B72CFF575C0038FCB6 /* Release */,
			);
			defaultConfigurationIsVisible = 0;
			defaultConfigurationName = Release;
		};
/* End XCConfigurationList section */

/* Begin XCRemoteSwiftPackageReference section */
		102300372E44D48F00E6936E /* XCRemoteSwiftPackageReference "ios-branch-sdk-spm" */ = {
			isa = XCRemoteSwiftPackageReference;
			repositoryURL = "https://github.com/BranchMetrics/ios-branch-sdk-spm";
			requirement = {
				kind = exactVersion;
				version = 3.12.1;
			};
		};
/* End XCRemoteSwiftPackageReference section */

/* Begin XCSwiftPackageProductDependency section */
		102300382E44D48F00E6936E /* BranchSDK */ = {
			isa = XCSwiftPackageProductDependency;
			package = 102300372E44D48F00E6936E /* XCRemoteSwiftPackageReference "ios-branch-sdk-spm" */;
			productName = BranchSDK;
		};
		1023003A2E44D4E200E6936E /* BranchSDK */ = {
			isa = XCSwiftPackageProductDependency;
			package = 102300372E44D48F00E6936E /* XCRemoteSwiftPackageReference "ios-branch-sdk-spm" */;
			productName = BranchSDK;
		};
/* End XCSwiftPackageProductDependency section */
	};
	rootObject = 7555FF73242A565900829871 /* Project object */;
}
